
Microsoft Visual Studio Solution File, Format Version 11.00
# Visual Studio 2010
Project("{FAE04EC0-301F-11D3-BF4B-00C04F79EFBC}") = "Host", "Host\Host.csproj", "{B2D0D9E8-EBF9-4D21-B83F-B8B89E7AFBB6}"
EndProject
Project("{FAE04EC0-301F-11D3-BF4B-00C04F79EFBC}") = "ClippyService", "ClippyService\ClippyService.csproj", "{D24AF20C-C132-4730-8AAC-6287AEA23913}"
EndProject
Project("{FAE04EC0-301F-11D3-BF4B-00C04F79EFBC}") = "DECtalkService", "DECtalkService\DECtalkService.csproj", "{45AB1F9E-8439-4BEE-A27A-B5B5062DE6EA}"
EndProject
Global
	GlobalSection(SolutionConfigurationPlatforms) = preSolution
		Debug|Any CPU = Debug|Any CPU
		Debug|Mixed Platforms = Debug|Mixed Platforms
		Debug|x86 = Debug|x86
		Release|Any CPU = Release|Any CPU
		Release|Mixed Platforms = Release|Mixed Platforms
		Release|x86 = Release|x86
	EndGlobalSection
	GlobalSection(ProjectConfigurationPlatforms) = postSolution
		{B2D0D9E8-EBF9-4D21-B83F-B8B89E7AFBB6}.Debug|Any CPU.ActiveCfg = Debug|x86
		{B2D0D9E8-EBF9-4D21-B83F-B8B89E7AFBB6}.Debug|Mixed Platforms.ActiveCfg = Debug|x86
		{B2D0D9E8-EBF9-4D21-B83F-B8B89E7AFBB6}.Debug|Mixed Platforms.Build.0 = Debug|x86
		{B2D0D9E8-EBF9-4D21-B83F-B8B89E7AFBB6}.Debug|x86.ActiveCfg = Debug|x86
		{B2D0D9E8-EBF9-4D21-B83F-B8B89E7AFBB6}.Debug|x86.Build.0 = Debug|x86
		{B2D0D9E8-EBF9-4D21-B83F-B8B89E7AFBB6}.Release|Any CPU.ActiveCfg = Release|x86
		{B2D0D9E8-EBF9-4D21-B83F-B8B89E7AFBB6}.Release|Mixed Platforms.ActiveCfg = Release|x86
		{B2D0D9E8-EBF9-4D21-B83F-B8B89E7AFBB6}.Release|Mixed Platforms.Build.0 = Release|x86
		{B2D0D9E8-EBF9-4D21-B83F-B8B89E7AFBB6}.Release|x86.ActiveCfg = Release|x86
		{B2D0D9E8-EBF9-4D21-B83F-B8B89E7AFBB6}.Release|x86.Build.0 = Release|x86
		{D24AF20C-C132-4730-8AAC-6287AEA23913}.Debug|Any CPU.ActiveCfg = Debug|Any CPU
		{D24AF20C-C132-4730-8AAC-6287AEA23913}.Debug|Any CPU.Build.0 = Debug|Any CPU
		{D24AF20C-C132-4730-8AAC-6287AEA23913}.Debug|Mixed Platforms.ActiveCfg = Debug|Any CPU
		{D24AF20C-C132-4730-8AAC-6287AEA23913}.Debug|Mixed Platforms.Build.0 = Debug|Any CPU
		{D24AF20C-C132-4730-8AAC-6287AEA23913}.Debug|x86.ActiveCfg = Debug|Any CPU
		{D24AF20C-C132-4730-8AAC-6287AEA23913}.Release|Any CPU.ActiveCfg = Release|Any CPU
		{D24AF20C-C132-4730-8AAC-6287AEA23913}.Release|Any CPU.Build.0 = Release|Any CPU
		{D24AF20C-C132-4730-8AAC-6287AEA23913}.Release|Mixed Platforms.ActiveCfg = Release|Any CPU
		{D24AF20C-C132-4730-8AAC-6287AEA23913}.Release|Mixed Platforms.Build.0 = Release|Any CPU
		{D24AF20C-C132-4730-8AAC-6287AEA23913}.Release|x86.ActiveCfg = Release|Any CPU
		{45AB1F9E-8439-4BEE-A27A-B5B5062DE6EA}.Debug|Any CPU.ActiveCfg = Debug|Any CPU
		{45AB1F9E-8439-4BEE-A27A-B5B5062DE6EA}.Debug|Any CPU.Build.0 = Debug|Any CPU
		{45AB1F9E-8439-4BEE-A27A-B5B5062DE6EA}.Debug|Mixed Platforms.ActiveCfg = Debug|Any CPU
		{45AB1F9E-8439-4BEE-A27A-B5B5062DE6EA}.Debug|Mixed Platforms.Build.0 = Debug|Any CPU
		{45AB1F9E-8439-4BEE-A27A-B5B5062DE6EA}.Debug|x86.ActiveCfg = Debug|Any CPU
		{45AB1F9E-8439-4BEE-A27A-B5B5062DE6EA}.Release|Any CPU.ActiveCfg = Release|Any CPU
		{45AB1F9E-8439-4BEE-A27A-B5B5062DE6EA}.Release|Any CPU.Build.0 = Release|Any CPU
		{45AB1F9E-8439-4BEE-A27A-B5B5062DE6EA}.Release|Mixed Platforms.ActiveCfg = Release|Any CPU
		{45AB1F9E-8439-4BEE-A27A-B5B5062DE6EA}.Release|Mixed Platforms.Build.0 = Release|Any CPU
		{45AB1F9E-8439-4BEE-A27A-B5B5062DE6EA}.Release|x86.ActiveCfg = Release|Any CPU
	EndGlobalSection
	GlobalSection(SolutionProperties) = preSolution
		HideSolutionNode = FALSE
	EndGlobalSection
EndGlobal
