
Microsoft Visual Studio Solution File, Format Version 11.00
# Visual Studio 2010
Project("{FAE04EC0-301F-11D3-BF4B-00C04F79EFBC}") = "CaaS", "CaaS\CaaS.csproj", "{B2D0D9E8-EBF9-4D21-B83F-B8B89E7AFBB6}"
EndProject
Global
	GlobalSection(SolutionConfigurationPlatforms) = preSolution
		Debug|x86 = Debug|x86
		Release|x86 = Release|x86
	EndGlobalSection
	GlobalSection(ProjectConfigurationPlatforms) = postSolution
		{B2D0D9E8-EBF9-4D21-B83F-B8B89E7AFBB6}.Debug|x86.ActiveCfg = Debug|x86
		{B2D0D9E8-EBF9-4D21-B83F-B8B89E7AFBB6}.Debug|x86.Build.0 = Debug|x86
		{B2D0D9E8-EBF9-4D21-B83F-B8B89E7AFBB6}.Release|x86.ActiveCfg = Release|x86
		{B2D0D9E8-EBF9-4D21-B83F-B8B89E7AFBB6}.Release|x86.Build.0 = Release|x86
	EndGlobalSection
	GlobalSection(SolutionProperties) = preSolution
		HideSolutionNode = FALSE
	EndGlobalSection
EndGlobal
